
Microsoft Visual Studio Solution File, Format Version 12.00
# Visual Studio Version 16
VisualStudioVersion = 16.0.31624.102
MinimumVisualStudioVersion = 10.0.40219.1
Project("{FAE04EC0-301F-11D3-BF4B-00C04F79EFBC}") = "kpavlak1730ex1b", "kpavlak1730ex1b\kpavlak1730ex1b.csproj", "{20A97726-8EB4-489B-8AC0-EE9944E6A50B}"
EndProject
Project("{FAE04EC0-301F-11D3-BF4B-00C04F79EFBC}") = "Kpavlak1730ex1c", "Kpavlak1c1\Kpavlak1730ex1c.csproj", "{60FE4D6A-3021-4176-8495-49F2AF6EA563}"
EndProject
Project("{FAE04EC0-301F-11D3-BF4B-00C04F79EFBC}") = "kpavlak1730ex1d", "kpavlakex1d\kpavlak1730ex1d.csproj", "{F991AF74-4971-441A-B9D2-F77EBD35FBA6}"
EndProject
Project("{FAE04EC0-301F-11D3-BF4B-00C04F79EFBC}") = "Kpavlak1730ex1e", "Kpavlakex1e\Kpavlak1730ex1e.csproj", "{F4C1E3FF-CD6A-4030-8B4E-F6C559F77DCA}"
EndProject
Project("{FAE04EC0-301F-11D3-BF4B-00C04F79EFBC}") = "kpavlak1730ex1f", "kpavlakex1f\kpavlak1730ex1f.csproj", "{0216C0D0-D092-4FDA-8888-1AAE670D3BA7}"
EndProject
Project("{FAE04EC0-301F-11D3-BF4B-00C04F79EFBC}") = "kpavlak1730Ex2A", "1730kpavlakEx2A1\kpavlak1730Ex2A.csproj", "{07A063C3-2FF3-46E6-9355-71E3F3A3EA43}"
EndProject
Project("{FAE04EC0-301F-11D3-BF4B-00C04F79EFBC}") = "kpavlak1730Ex2B", "kpavlakex2B\kpavlak1730Ex2B.csproj", "{5EEF6C2F-59D8-4ADD-AD27-53B2C6916D48}"
EndProject
Global
	GlobalSection(SolutionConfigurationPlatforms) = preSolution
		Debug|Any CPU = Debug|Any CPU
		Release|Any CPU = Release|Any CPU
	EndGlobalSection
	GlobalSection(ProjectConfigurationPlatforms) = postSolution
		{20A97726-8EB4-489B-8AC0-EE9944E6A50B}.Debug|Any CPU.ActiveCfg = Debug|Any CPU
		{20A97726-8EB4-489B-8AC0-EE9944E6A50B}.Debug|Any CPU.Build.0 = Debug|Any CPU
		{20A97726-8EB4-489B-8AC0-EE9944E6A50B}.Release|Any CPU.ActiveCfg = Release|Any CPU
		{20A97726-8EB4-489B-8AC0-EE9944E6A50B}.Release|Any CPU.Build.0 = Release|Any CPU
		{60FE4D6A-3021-4176-8495-49F2AF6EA563}.Debug|Any CPU.ActiveCfg = Debug|Any CPU
		{60FE4D6A-3021-4176-8495-49F2AF6EA563}.Debug|Any CPU.Build.0 = Debug|Any CPU
		{60FE4D6A-3021-4176-8495-49F2AF6EA563}.Release|Any CPU.ActiveCfg = Release|Any CPU
		{60FE4D6A-3021-4176-8495-49F2AF6EA563}.Release|Any CPU.Build.0 = Release|Any CPU
		{F991AF74-4971-441A-B9D2-F77EBD35FBA6}.Debug|Any CPU.ActiveCfg = Debug|Any CPU
		{F991AF74-4971-441A-B9D2-F77EBD35FBA6}.Debug|Any CPU.Build.0 = Debug|Any CPU
		{F991AF74-4971-441A-B9D2-F77EBD35FBA6}.Release|Any CPU.ActiveCfg = Release|Any CPU
		{F991AF74-4971-441A-B9D2-F77EBD35FBA6}.Release|Any CPU.Build.0 = Release|Any CPU
		{F4C1E3FF-CD6A-4030-8B4E-F6C559F77DCA}.Debug|Any CPU.ActiveCfg = Debug|Any CPU
		{F4C1E3FF-CD6A-4030-8B4E-F6C559F77DCA}.Debug|Any CPU.Build.0 = Debug|Any CPU
		{F4C1E3FF-CD6A-4030-8B4E-F6C559F77DCA}.Release|Any CPU.ActiveCfg = Release|Any CPU
		{F4C1E3FF-CD6A-4030-8B4E-F6C559F77DCA}.Release|Any CPU.Build.0 = Release|Any CPU
		{0216C0D0-D092-4FDA-8888-1AAE670D3BA7}.Debug|Any CPU.ActiveCfg = Debug|Any CPU
		{0216C0D0-D092-4FDA-8888-1AAE670D3BA7}.Debug|Any CPU.Build.0 = Debug|Any CPU
		{0216C0D0-D092-4FDA-8888-1AAE670D3BA7}.Release|Any CPU.ActiveCfg = Release|Any CPU
		{0216C0D0-D092-4FDA-8888-1AAE670D3BA7}.Release|Any CPU.Build.0 = Release|Any CPU
		{07A063C3-2FF3-46E6-9355-71E3F3A3EA43}.Debug|Any CPU.ActiveCfg = Debug|Any CPU
		{07A063C3-2FF3-46E6-9355-71E3F3A3EA43}.Debug|Any CPU.Build.0 = Debug|Any CPU
		{07A063C3-2FF3-46E6-9355-71E3F3A3EA43}.Release|Any CPU.ActiveCfg = Release|Any CPU
		{07A063C3-2FF3-46E6-9355-71E3F3A3EA43}.Release|Any CPU.Build.0 = Release|Any CPU
		{5EEF6C2F-59D8-4ADD-AD27-53B2C6916D48}.Debug|Any CPU.ActiveCfg = Debug|Any CPU
		{5EEF6C2F-59D8-4ADD-AD27-53B2C6916D48}.Debug|Any CPU.Build.0 = Debug|Any CPU
		{5EEF6C2F-59D8-4ADD-AD27-53B2C6916D48}.Release|Any CPU.ActiveCfg = Release|Any CPU
		{5EEF6C2F-59D8-4ADD-AD27-53B2C6916D48}.Release|Any CPU.Build.0 = Release|Any CPU
	EndGlobalSection
	GlobalSection(SolutionProperties) = preSolution
		HideSolutionNode = FALSE
	EndGlobalSection
	GlobalSection(ExtensibilityGlobals) = postSolution
		SolutionGuid = {EFA44F33-E269-4759-BF61-8D8AFEA87964}
	EndGlobalSection
EndGlobal
